{
  "version": 4,
  "terraform_version": "1.3.7",
  "serial": 63,
  "lineage": "64bbc8df-5f14-bd72-b8ec-efde5dc3cf55",
  "outputs": {},
  "resources": [
    {
      "mode": "managed",
      "type": "google_compute_network",
      "name": "vpc",
      "provider": "provider[\"registry.terraform.io/hashicorp/google\"]",
      "instances": [
        {
          "schema_version": 0,
          "attributes": {
            "auto_create_subnetworks": false,
            "delete_default_routes_on_create": false,
            "description": "",
            "enable_ula_internal_ipv6": false,
            "gateway_ipv4": "",
            "id": "projects/kb-chatbot-test/global/networks/vikvpc",
            "internal_ipv6_range": "",
            "mtu": 0,
            "name": "vikvpc",
            "project": "kb-chatbot-test",
            "routing_mode": "REGIONAL",
            "self_link": "https://www.googleapis.com/compute/v1/projects/kb-chatbot-test/global/networks/vikvpc",
            "timeouts": null
          },
          "sensitive_attributes": [],
          "private": "eyJlMmJmYjczMC1lY2FhLTExZTYtOGY4OC0zNDM2M2JjN2M0YzAiOnsiY3JlYXRlIjoxMjAwMDAwMDAwMDAwLCJkZWxldGUiOjEyMDAwMDAwMDAwMDAsInVwZGF0ZSI6MTIwMDAwMDAwMDAwMH19"
        }
      ]
    },
    {
      "mode": "managed",
      "type": "google_compute_subnetwork",
      "name": "subnet-europe-west4",
      "provider": "provider[\"registry.terraform.io/hashicorp/google\"]",
      "instances": [
        {
          "schema_version": 0,
          "attributes": {
            "creation_timestamp": "2023-02-15T04:09:08.172-08:00",
            "description": "",
            "external_ipv6_prefix": "",
            "fingerprint": null,
            "gateway_address": "10.0.0.1",
            "id": "projects/kb-chatbot-test/regions/europe-west4/subnetworks/subnet-europe-west4",
            "ip_cidr_range": "10.0.0.0/24",
            "ipv6_access_type": "",
            "ipv6_cidr_range": "",
            "log_config": [],
            "name": "subnet-europe-west4",
            "network": "https://www.googleapis.com/compute/v1/projects/kb-chatbot-test/global/networks/vikvpc",
            "private_ip_google_access": false,
            "private_ipv6_google_access": "DISABLE_GOOGLE_ACCESS",
            "project": "kb-chatbot-test",
            "purpose": "PRIVATE",
            "region": "europe-west4",
            "role": "",
            "secondary_ip_range": [],
            "self_link": "https://www.googleapis.com/compute/v1/projects/kb-chatbot-test/regions/europe-west4/subnetworks/subnet-europe-west4",
            "stack_type": "IPV4_ONLY",
            "timeouts": null
          },
          "sensitive_attributes": [],
          "private": "eyJlMmJmYjczMC1lY2FhLTExZTYtOGY4OC0zNDM2M2JjN2M0YzAiOnsiY3JlYXRlIjoxMjAwMDAwMDAwMDAwLCJkZWxldGUiOjEyMDAwMDAwMDAwMDAsInVwZGF0ZSI6MTIwMDAwMDAwMDAwMH19",
          "dependencies": [
            "google_compute_network.vpc"
          ]
        }
      ]
    },
    {
      "mode": "managed",
      "type": "google_container_cluster",
      "name": "default",
      "provider": "provider[\"registry.terraform.io/hashicorp/google\"]",
      "instances": [
        {
          "schema_version": 1,
          "attributes": {
            "addons_config": [
              {
                "cloudrun_config": [],
                "config_connector_config": [],
                "dns_cache_config": [],
                "gce_persistent_disk_csi_driver_config": [
                  {
                    "enabled": true
                  }
                ],
                "gcp_filestore_csi_driver_config": [],
                "gke_backup_agent_config": [],
                "horizontal_pod_autoscaling": [],
                "http_load_balancing": [],
                "network_policy_config": [
                  {
                    "disabled": true
                  }
                ]
              }
            ],
            "authenticator_groups_config": [],
            "binary_authorization": [
              {
                "enabled": false,
                "evaluation_mode": ""
              }
            ],
            "cluster_autoscaling": [
              {
                "auto_provisioning_defaults": [],
                "enabled": false,
                "resource_limits": []
              }
            ],
            "cluster_ipv4_cidr": "10.52.0.0/14",
            "confidential_nodes": [],
            "cost_management_config": [],
            "database_encryption": [
              {
                "key_name": "",
                "state": "DECRYPTED"
              }
            ],
            "datapath_provider": "",
            "default_max_pods_per_node": null,
            "default_snat_status": [
              {
                "disabled": false
              }
            ],
            "description": "",
            "dns_config": [],
            "enable_autopilot": false,
            "enable_binary_authorization": false,
            "enable_intranode_visibility": false,
            "enable_kubernetes_alpha": false,
            "enable_l4_ilb_subsetting": false,
            "enable_legacy_abac": false,
            "enable_shielded_nodes": true,
            "enable_tpu": false,
            "endpoint": "34.141.150.222",
            "gateway_api_config": [],
            "id": "projects/kb-chatbot-test/locations/europe-west4/clusters/vik-prod-cluster",
            "initial_node_count": 1,
            "ip_allocation_policy": [],
            "label_fingerprint": "a9dc16a7",
            "location": "europe-west4",
            "logging_config": [
              {
                "enable_components": [
                  "SYSTEM_COMPONENTS",
                  "WORKLOADS"
                ]
              }
            ],
            "logging_service": "logging.googleapis.com/kubernetes",
            "maintenance_policy": [],
            "master_auth": [
              {
                "client_certificate": "",
                "client_certificate_config": [
                  {
                    "issue_client_certificate": false
                  }
                ],
                "client_key": "",
                "cluster_ca_certificate": "LS0tLS1CRUdJTiBDRVJUSUZJQ0FURS0tLS0tCk1JSUVMRENDQXBTZ0F3SUJBZ0lRQ3cxMnlPdWg4TncyVFN4STAxR0tJVEFOQmdrcWhraUc5dzBCQVFzRkFEQXYKTVMwd0t3WURWUVFERXlRME4yWXdNalEyTlMwM05HRTJMVFEzT1RndE9UVm1aaTFpTnprelpUZGhaRGd6TkdRdwpJQmNOTWpNd01qRTFNVEV3T1RJMldoZ1BNakExTXpBeU1EY3hNakE1TWpaYU1DOHhMVEFyQmdOVkJBTVRKRFEzClpqQXlORFkxTFRjMFlUWXRORGM1T0MwNU5XWm1MV0kzT1RObE4yRmtPRE0wWkRDQ0FhSXdEUVlKS29aSWh2Y04KQVFFQkJRQURnZ0dQQURDQ0FZb0NnZ0dCQUszWDRoNlV5KzZSMEc0S1J4Qi9OOG85TU5CVnBNKy95YUc0bG5wSwpoQWIrSHY2Uno1S1k5UGN6MENwTlFEWGNtTGFkMkpPS28xZHBTWGZ5WkZZUk4wK0l2RnNqR1IvVGdDeDFaYlNvCjV2TWloS2FBTklXbmhzQUN2TnZBU1pIR0NWeS9JV2NOZHhmNmNYRzVCdy8xTUxhOWtDZVoxTFI3eGcvNGg1aTgKT0luRUIzSVh5NU50SEJVRlVQbURFOGhnSEJ4SFh0bVM2UmpWWWNLR1h4YkFBaCtURjJJeFJ2SUpyZ1FsSFp3SQpXUnhhaTFwU0d1WDhBQVFUay8vSW5sZk1WOWZseXhIQlROdStWR2hYdlo1a2JTZmJ1S1RVcG9QcDFRTngwdGxFCnJUMTJQRGVHQTBkQkFxdVFBR0Izd2RKUTYxNHk3Mld0a25aRzlxSW9qUXNsSVRReXQvZk02Wk9GaGV1MVE4ZTUKbnJ6YTV1aFRtVk1pcGhPVmpKWHR1d25aM0hYVTBMVGprWU5uTlFGUHJNNGUwQkJvSHVBUmJMTjBZMG15M09NZApXWE51d3ZFdS94UHhyNmEyZHN5QlQrRjFoQXN3ZitURnJ0UFl4QXVZMlg4OEZpQWJFWGc4ZjhmcG9QVDhZRExRCnhVY3pqaWh1Q2dWbnNqSmVwSVNhd2UwcER3SURBUUFCbzBJd1FEQU9CZ05WSFE4QkFmOEVCQU1DQWdRd0R3WUQKVlIwVEFRSC9CQVV3QXdFQi96QWRCZ05WSFE0RUZnUVVKdnd5SzV6MS9vMnZ6YUhLVmJEWDRmYTFpQk13RFFZSgpLb1pJaHZjTkFRRUxCUUFEZ2dHQkFHSVVPZW9wUnJSOTN0VTJXK1h1UXNydW8rZm5INGdVK1JMSG1EZDRqTGt1CmZhK0lLWisxSVl4cERGZmdDelBSVjBCTWFVVUhtMVJxT0M4VGFGYXY3Mis1MW1CZXhUS0FyZ2RUSHZzcThOMSsKWjFzRlI2Y2Z0aGRRUXk2OFVBdzBpWG0rTTlqb0RuYlpZUkZMSjRtMEViMEYzNzBMUGNkL3BSZVppRWZKcitBNQp4bHFyUmJZWlhVVnc1WUVERHNWdGVzcmVJV0ZiVi9wNEFzR1gzNHNiSXpsQzBYZnUyTExnQVRObHpYL1NIVUxOCkV3UVpRTFRhLzIreWhHQnJKV3NQbll3RTMyUUpTbWpUTnF0LzB1Wk92SFhEcndlNkhqd1NIbGR1Z1pnd1YzdDYKUHd3b1dETXFpTDdXYjF3UnFKS044dGdwWTYvL1FvU1JxSlJNR3p2RWkzNmpzRDd0aEdtR2RKYVdzVU1PcDFNUgo1MEtRaU1HSUp5b3V3WlduQWlBMzJUQVE2L0pva0RhZ1JzaEZ1SGRxbWpMOGtDK2R5M09meFFMcDM4L0VZTExXCll3aEx5UFgvWjdMTFlpd2E4V3FGbzFaTTVBNUF3OE16RFZqTkZGTTlXZXFjbTM5eExHSE1xNnlTUHV3VEVjRlEKajdCbTM5M052dk9PUDFyK3YrMDBGZz09Ci0tLS0tRU5EIENFUlRJRklDQVRFLS0tLS0K"
              }
            ],
            "master_authorized_networks_config": [],
            "master_version": "1.24.8-gke.2000",
            "mesh_certificates": [],
            "min_master_version": null,
            "monitoring_config": [
              {
                "enable_components": [
                  "SYSTEM_COMPONENTS"
                ],
                "managed_prometheus": []
              }
            ],
            "monitoring_service": "monitoring.googleapis.com/kubernetes",
            "name": "vik-prod-cluster",
            "network": "projects/kb-chatbot-test/global/networks/vikvpc",
            "network_policy": [
              {
                "enabled": false,
                "provider": "PROVIDER_UNSPECIFIED"
              }
            ],
            "networking_mode": "ROUTES",
            "node_config": [],
            "node_locations": [
              "europe-west4-a",
              "europe-west4-b",
              "europe-west4-c"
            ],
            "node_pool": [],
            "node_pool_defaults": [
              {
                "node_config_defaults": [
                  {
                    "logging_variant": "DEFAULT"
                  }
                ]
              }
            ],
            "node_version": "1.24.8-gke.2000",
            "notification_config": [
              {
                "pubsub": [
                  {
                    "enabled": false,
                    "filter": [],
                    "topic": ""
                  }
                ]
              }
            ],
            "operation": null,
            "private_cluster_config": [
              {
                "enable_private_endpoint": false,
                "enable_private_nodes": false,
                "master_global_access_config": [
                  {
                    "enabled": false
                  }
                ],
                "master_ipv4_cidr_block": "",
                "peering_name": "",
                "private_endpoint": "10.0.0.3",
                "private_endpoint_subnetwork": "",
                "public_endpoint": "34.141.150.222"
              }
            ],
            "private_ipv6_google_access": "",
            "project": "kb-chatbot-test",
            "release_channel": [
              {
                "channel": "REGULAR"
              }
            ],
            "remove_default_node_pool": true,
            "resource_labels": null,
            "resource_usage_export_config": [],
            "self_link": "https://container.googleapis.com/v1/projects/kb-chatbot-test/locations/europe-west4/clusters/vik-prod-cluster",
            "service_external_ips_config": [
              {
                "enabled": false
              }
            ],
            "services_ipv4_cidr": "10.55.240.0/20",
            "subnetwork": "projects/kb-chatbot-test/regions/europe-west4/subnetworks/subnet-europe-west4",
            "timeouts": null,
            "tpu_ipv4_cidr_block": "",
            "vertical_pod_autoscaling": [],
            "workload_identity_config": []
          },
          "sensitive_attributes": [],
          "private": "eyJlMmJmYjczMC1lY2FhLTExZTYtOGY4OC0zNDM2M2JjN2M0YzAiOnsiY3JlYXRlIjoyNDAwMDAwMDAwMDAwLCJkZWxldGUiOjI0MDAwMDAwMDAwMDAsInJlYWQiOjI0MDAwMDAwMDAwMDAsInVwZGF0ZSI6MzYwMDAwMDAwMDAwMH0sInNjaGVtYV92ZXJzaW9uIjoiMSJ9",
          "dependencies": [
            "google_compute_network.vpc",
            "google_compute_subnetwork.subnet-europe-west4"
          ]
        }
      ]
    },
    {
      "mode": "managed",
      "type": "google_container_cluster",
      "name": "primary",
      "provider": "provider[\"registry.terraform.io/hashicorp/google\"]",
      "instances": [
        {
          "schema_version": 1,
          "attributes": {
            "addons_config": [
              {
                "cloudrun_config": [],
                "config_connector_config": [],
                "dns_cache_config": [],
                "gce_persistent_disk_csi_driver_config": [
                  {
                    "enabled": true
                  }
                ],
                "gcp_filestore_csi_driver_config": [],
                "gke_backup_agent_config": [],
                "horizontal_pod_autoscaling": [],
                "http_load_balancing": [],
                "network_policy_config": [
                  {
                    "disabled": true
                  }
                ]
              }
            ],
            "authenticator_groups_config": [],
            "binary_authorization": [
              {
                "enabled": false,
                "evaluation_mode": ""
              }
            ],
            "cluster_autoscaling": [
              {
                "auto_provisioning_defaults": [],
                "enabled": false,
                "resource_limits": []
              }
            ],
            "cluster_ipv4_cidr": "10.28.0.0/14",
            "confidential_nodes": [],
            "cost_management_config": [],
            "database_encryption": [
              {
                "key_name": "",
                "state": "DECRYPTED"
              }
            ],
            "datapath_provider": "",
            "default_max_pods_per_node": null,
            "default_snat_status": [
              {
                "disabled": false
              }
            ],
            "description": "",
            "dns_config": [],
            "enable_autopilot": false,
            "enable_binary_authorization": false,
            "enable_intranode_visibility": false,
            "enable_kubernetes_alpha": false,
            "enable_l4_ilb_subsetting": false,
            "enable_legacy_abac": false,
            "enable_shielded_nodes": true,
            "enable_tpu": false,
            "endpoint": "34.91.105.11",
            "gateway_api_config": [],
            "id": "projects/kb-chatbot-test/locations/europe-west4/clusters/vik-stage-cluster",
            "initial_node_count": 1,
            "ip_allocation_policy": [],
            "label_fingerprint": "a9dc16a7",
            "location": "europe-west4",
            "logging_config": [
              {
                "enable_components": [
                  "SYSTEM_COMPONENTS",
                  "WORKLOADS"
                ]
              }
            ],
            "logging_service": "logging.googleapis.com/kubernetes",
            "maintenance_policy": [],
            "master_auth": [
              {
                "client_certificate": "",
                "client_certificate_config": [
                  {
                    "issue_client_certificate": false
                  }
                ],
                "client_key": "",
                "cluster_ca_certificate": "LS0tLS1CRUdJTiBDRVJUSUZJQ0FURS0tLS0tCk1JSUVMVENDQXBXZ0F3SUJBZ0lSQU1NNnBCbk1MaWsvcUpVWTg5N1Q1cmN3RFFZSktvWklodmNOQVFFTEJRQXcKTHpFdE1Dc0dBMVVFQXhNa01qVmhOakl4WWpndFkyRmxZUzAwWWpZNUxUaGtPR0l0Tm1GaFltVmtNVE14WlRKagpNQ0FYRFRJek1ESXhOVEV4TURreU5sb1lEekl3TlRNd01qQTNNVEl3T1RJMldqQXZNUzB3S3dZRFZRUURFeVF5Ck5XRTJNakZpT0MxallXVmhMVFJpTmprdE9HUTRZaTAyWVdGaVpXUXhNekZsTW1Nd2dnR2lNQTBHQ1NxR1NJYjMKRFFFQkFRVUFBNElCandBd2dnR0tBb0lCZ1FDOWFVOGlNcDZadGNla2xGSkZpeHBLNXlqY2pxZ2lDd2oyeU9ZUwpNRlE5ZUZLWHdueU9zUmhHTzQ1VTJKeWxzWG5idllCVjg5VUNERi9uVyt5Q0lNY0VReStnaXBKOFhQeE8wZDlSCjc1aXFDeHRrKzFPaVdZdWhZRzh5RktJa2x4Z21Oa1VOc25QdHJlNEhvT1l3dHRyYUpFNWlkYkdjcGVwaTZ5ZW0KK0p5YW1oclk3VFd5QUEySkZQREoxYVN5Nlg5WVpkSlZVdzZJcTBkdkVCUytnMGhoK0tXRWVROFdKakRRQmc0aworUFN3V1N4dS9SVzZ5QWNHcWdHYnJ3S0lTbFlpOVowV2tZUTdxb3k5UUpyenI2c3czbjVkWi85ZzhJbHpNOXhFCm9MM1pNTGt0OHdyVXoyeGtGRzNDZFBqa0p1and2clAxNTI3eHFJOXNBSEdlYTVsVklKaTRUNmZLWFFOcFZVeG0KME5jTHBhRWxGcytUdG5KSWZLeTRobERUYWI2bGNhRjNlZjQ0WUhFWmdwMDA2Yi95K0k4bVdGak9kT1hXdEF2WApQWGZ4bUdiRTk4QTVsZTBYb2pnNnNVYXEzTHJBSGZnNjZNVlF5NmdCcnpKSTBEcnY5UkxETkJESWV6SzJKWm9WCmo1cmdGQ0Q5UW9aMzN4ZHJVZGpFQTA2TnpsVUNBd0VBQWFOQ01FQXdEZ1lEVlIwUEFRSC9CQVFEQWdJRU1BOEcKQTFVZEV3RUIvd1FGTUFNQkFmOHdIUVlEVlIwT0JCWUVGR3locjhhUGdQMkl3a0RDYnRSUDl2NWU3UHVJTUEwRwpDU3FHU0liM0RRRUJDd1VBQTRJQmdRQ2dIK3hjOEJ3dnF6dlVNQzcvTmFDdnorRjQ0SFVhMmVWVUh6R2lZdzFUCnRPVWdDK3VFdWtuOUw1czg0MzNYUmtOMXZkY1owNlhkVHN6REZiVjI3ZXVxa1I0Q2Z0YXNmeXlqdi9JdlgvQmkKMldNMkZjVlpFTUFkU2U5UmZZODNpcEd1anBaK1JpUlAxUFdZRFBVWWsvTjd4RWcwNUxldVZJc2NOWEJGK3JLeApBUkt4bXpvaEdGcXZ0RU9YQUdpOFBGM1ltUnRaRUdHZGU3STBxZUtrMGdJa1hucWdFTjVkMmwrdXBmbkZaQS9CCkZSOHJlblpaemtxV1lpK0Z1UUtVVm9PUVpxaWdJWUJLVmJ1NFpwdkY2TS80TUFtK0pxNHdOUGJMdWpDdWFXMlEKU3ZhK1hqZGtqQld6TzQ1NWttdFdlQkVQM2FYSGQvS3J1a2UzVktSS2pncm1vNjBmano3eGlnME5wakQ0QlRmRAovemE4MDAyNnl6YjlWOUJwanlTWkJ3dzJKMHR1T2xtRllwVGJUc1F5T0Nwakc1NDNjclVIandUbDJHbFVBaTlyCkRoN0JpM2JkZDRYdEkxdHpaVXFOZUR2aEw3Vk11USt5L0lVYjJjNlJTT3ZBVnBUT0pvR0xWcmhTcHJ3TjhBU2EKcGVNbVdLdHRBdmRUSFk2ODYvQ09zdEE9Ci0tLS0tRU5EIENFUlRJRklDQVRFLS0tLS0K"
              }
            ],
            "master_authorized_networks_config": [],
            "master_version": "1.24.8-gke.2000",
            "mesh_certificates": [],
            "min_master_version": null,
            "monitoring_config": [
              {
                "enable_components": [
                  "SYSTEM_COMPONENTS"
                ],
                "managed_prometheus": []
              }
            ],
            "monitoring_service": "monitoring.googleapis.com/kubernetes",
            "name": "vik-stage-cluster",
            "network": "projects/kb-chatbot-test/global/networks/vikvpc",
            "network_policy": [
              {
                "enabled": false,
                "provider": "PROVIDER_UNSPECIFIED"
              }
            ],
            "networking_mode": "ROUTES",
            "node_config": [],
            "node_locations": [
              "europe-west4-a",
              "europe-west4-b",
              "europe-west4-c"
            ],
            "node_pool": [],
            "node_pool_defaults": [
              {
                "node_config_defaults": [
                  {
                    "logging_variant": "DEFAULT"
                  }
                ]
              }
            ],
            "node_version": "1.24.8-gke.2000",
            "notification_config": [
              {
                "pubsub": [
                  {
                    "enabled": false,
                    "filter": [],
                    "topic": ""
                  }
                ]
              }
            ],
            "operation": null,
            "private_cluster_config": [
              {
                "enable_private_endpoint": false,
                "enable_private_nodes": false,
                "master_global_access_config": [
                  {
                    "enabled": false
                  }
                ],
                "master_ipv4_cidr_block": "",
                "peering_name": "",
                "private_endpoint": "10.0.0.2",
                "private_endpoint_subnetwork": "",
                "public_endpoint": "34.91.105.11"
              }
            ],
            "private_ipv6_google_access": "",
            "project": "kb-chatbot-test",
            "release_channel": [
              {
                "channel": "REGULAR"
              }
            ],
            "remove_default_node_pool": true,
            "resource_labels": null,
            "resource_usage_export_config": [],
            "self_link": "https://container.googleapis.com/v1/projects/kb-chatbot-test/locations/europe-west4/clusters/vik-stage-cluster",
            "service_external_ips_config": [
              {
                "enabled": false
              }
            ],
            "services_ipv4_cidr": "10.31.240.0/20",
            "subnetwork": "projects/kb-chatbot-test/regions/europe-west4/subnetworks/subnet-europe-west4",
            "timeouts": null,
            "tpu_ipv4_cidr_block": "",
            "vertical_pod_autoscaling": [],
            "workload_identity_config": []
          },
          "sensitive_attributes": [],
          "private": "eyJlMmJmYjczMC1lY2FhLTExZTYtOGY4OC0zNDM2M2JjN2M0YzAiOnsiY3JlYXRlIjoyNDAwMDAwMDAwMDAwLCJkZWxldGUiOjI0MDAwMDAwMDAwMDAsInJlYWQiOjI0MDAwMDAwMDAwMDAsInVwZGF0ZSI6MzYwMDAwMDAwMDAwMH0sInNjaGVtYV92ZXJzaW9uIjoiMSJ9",
          "dependencies": [
            "google_compute_network.vpc",
            "google_compute_subnetwork.subnet-europe-west4"
          ]
        }
      ]
    },
    {
      "mode": "managed",
      "type": "google_container_node_pool",
      "name": "default",
      "provider": "provider[\"registry.terraform.io/hashicorp/google\"]",
      "instances": [
        {
          "status": "tainted",
          "schema_version": 1,
          "attributes": {
            "autoscaling": [],
            "cluster": "vik-stage-cluster",
            "id": "projects/kb-chatbot-test/locations/europe-west4-a/clusters/vik-stage-cluster/nodePools/prod-node-pool",
            "initial_node_count": null,
            "instance_group_urls": null,
            "location": "europe-west4-a",
            "managed_instance_group_urls": null,
            "management": null,
            "max_pods_per_node": null,
            "name": "prod-node-pool",
            "name_prefix": null,
            "network_config": null,
            "node_config": [
              {
                "boot_disk_kms_key": "",
                "disk_size_gb": 0,
                "disk_type": "",
                "gcfs_config": [],
                "guest_accelerator": [],
                "gvnic": [],
                "image_type": "",
                "kubelet_config": [],
                "labels": {},
                "linux_node_config": [],
                "local_ssd_count": 0,
                "logging_variant": "DEFAULT",
                "machine_type": "n1-standard-1",
                "metadata": {},
                "min_cpu_platform": "",
                "node_group": "",
                "oauth_scopes": [],
                "preemptible": true,
                "reservation_affinity": [],
                "resource_labels": null,
                "service_account": "",
                "shielded_instance_config": [],
                "spot": false,
                "tags": null,
                "taint": [],
                "workload_metadata_config": []
              }
            ],
            "node_count": 1,
            "node_locations": [],
            "operation": null,
            "placement_policy": [],
            "project": null,
            "timeouts": null,
            "upgrade_settings": null,
            "version": null
          },
          "sensitive_attributes": [],
          "private": "eyJlMmJmYjczMC1lY2FhLTExZTYtOGY4OC0zNDM2M2JjN2M0YzAiOnsiY3JlYXRlIjoxODAwMDAwMDAwMDAwLCJkZWxldGUiOjE4MDAwMDAwMDAwMDAsInVwZGF0ZSI6MTgwMDAwMDAwMDAwMH0sInNjaGVtYV92ZXJzaW9uIjoiMSJ9",
          "dependencies": [
            "google_compute_network.vpc",
            "google_compute_subnetwork.subnet-europe-west4",
            "google_container_cluster.primary"
          ]
        }
      ]
    },
    {
      "mode": "managed",
      "type": "google_container_node_pool",
      "name": "primary_preemptible_nodes",
      "provider": "provider[\"registry.terraform.io/hashicorp/google\"]",
      "instances": [
        {
          "status": "tainted",
          "schema_version": 1,
          "attributes": {
            "autoscaling": [],
            "cluster": "vik-stage-cluster",
            "id": "projects/kb-chatbot-test/locations/europe-west4-a/clusters/vik-stage-cluster/nodePools/my-node-pool",
            "initial_node_count": null,
            "instance_group_urls": null,
            "location": "europe-west4-a",
            "managed_instance_group_urls": null,
            "management": null,
            "max_pods_per_node": null,
            "name": "my-node-pool",
            "name_prefix": null,
            "network_config": null,
            "node_config": [
              {
                "boot_disk_kms_key": "",
                "disk_size_gb": 0,
                "disk_type": "",
                "gcfs_config": [],
                "guest_accelerator": [],
                "gvnic": [],
                "image_type": "",
                "kubelet_config": [],
                "labels": {},
                "linux_node_config": [],
                "local_ssd_count": 0,
                "logging_variant": "DEFAULT",
                "machine_type": "n1-standard-1",
                "metadata": {},
                "min_cpu_platform": "",
                "node_group": "",
                "oauth_scopes": [],
                "preemptible": true,
                "reservation_affinity": [],
                "resource_labels": null,
                "service_account": "",
                "shielded_instance_config": [],
                "spot": false,
                "tags": null,
                "taint": [],
                "workload_metadata_config": []
              }
            ],
            "node_count": 1,
            "node_locations": [],
            "operation": null,
            "placement_policy": [],
            "project": null,
            "timeouts": null,
            "upgrade_settings": null,
            "version": null
          },
          "sensitive_attributes": [],
          "private": "eyJlMmJmYjczMC1lY2FhLTExZTYtOGY4OC0zNDM2M2JjN2M0YzAiOnsiY3JlYXRlIjoxODAwMDAwMDAwMDAwLCJkZWxldGUiOjE4MDAwMDAwMDAwMDAsInVwZGF0ZSI6MTgwMDAwMDAwMDAwMH0sInNjaGVtYV92ZXJzaW9uIjoiMSJ9",
          "dependencies": [
            "google_compute_network.vpc",
            "google_compute_subnetwork.subnet-europe-west4",
            "google_container_cluster.primary"
          ]
        }
      ]
    }
  ],
  "check_results": null
}
